
Microsoft Visual Studio Solution File, Format Version 12.00
# Visual Studio Version 17
VisualStudioVersion = 17.14.36518.9 d17.14
MinimumVisualStudioVersion = 10.0.40219.1
Project("{FAE04EC0-301F-11D3-BF4B-00C04F79EFBC}") = "Praktik_6.1_Rifa_XPPLG2", "Praktik_6.1_Rifa_XPPLG2\Praktik_6.1_Rifa_XPPLG2.csproj", "{DC3F4D72-15E8-41DD-8799-DBB583D9D6D0}"
EndProject
Global
	GlobalSection(SolutionConfigurationPlatforms) = preSolution
		Debug|Any CPU = Debug|Any CPU
		Release|Any CPU = Release|Any CPU
	EndGlobalSection
	GlobalSection(ProjectConfigurationPlatforms) = postSolution
		{DC3F4D72-15E8-41DD-8799-DBB583D9D6D0}.Debug|Any CPU.ActiveCfg = Debug|Any CPU
		{DC3F4D72-15E8-41DD-8799-DBB583D9D6D0}.Debug|Any CPU.Build.0 = Debug|Any CPU
		{DC3F4D72-15E8-41DD-8799-DBB583D9D6D0}.Release|Any CPU.ActiveCfg = Release|Any CPU
		{DC3F4D72-15E8-41DD-8799-DBB583D9D6D0}.Release|Any CPU.Build.0 = Release|Any CPU
	EndGlobalSection
	GlobalSection(SolutionProperties) = preSolution
		HideSolutionNode = FALSE
	EndGlobalSection
	GlobalSection(ExtensibilityGlobals) = postSolution
		SolutionGuid = {B1794668-4CDC-498A-AA59-5A1D1CA1C4E6}
	EndGlobalSection
EndGlobal
